
Microsoft Visual Studio Solution File, Format Version 12.00
# Visual Studio 15
Project("{FAE04EC0-301F-11D3-BF4B-00C04F79EFBC}") = "Assembly-CSharp", "Assembly-CSharp.csproj", "{1766C2C9-FBA7-B0DC-054E-FB459676254C}"
EndProject
Project("{FAE04EC0-301F-11D3-BF4B-00C04F79EFBC}") = "Assembly-CSharp-Editor", "Assembly-CSharp-Editor.csproj", "{5D75D6C1-7205-E362-A409-4E4FA17A4D69}"
EndProject
Global
	GlobalSection(SolutionConfigurationPlatforms) = preSolution
		Debug|Any CPU = Debug|Any CPU
		Release|Any CPU = Release|Any CPU
	EndGlobalSection
	GlobalSection(ProjectConfigurationPlatforms) = postSolution
		{1766C2C9-FBA7-B0DC-054E-FB459676254C}.Debug|Any CPU.ActiveCfg = Debug|Any CPU
		{1766C2C9-FBA7-B0DC-054E-FB459676254C}.Debug|Any CPU.Build.0 = Debug|Any CPU
		{1766C2C9-FBA7-B0DC-054E-FB459676254C}.Release|Any CPU.ActiveCfg = Release|Any CPU
		{1766C2C9-FBA7-B0DC-054E-FB459676254C}.Release|Any CPU.Build.0 = Release|Any CPU
		{5D75D6C1-7205-E362-A409-4E4FA17A4D69}.Debug|Any CPU.ActiveCfg = Debug|Any CPU
		{5D75D6C1-7205-E362-A409-4E4FA17A4D69}.Debug|Any CPU.Build.0 = Debug|Any CPU
		{5D75D6C1-7205-E362-A409-4E4FA17A4D69}.Release|Any CPU.ActiveCfg = Release|Any CPU
		{5D75D6C1-7205-E362-A409-4E4FA17A4D69}.Release|Any CPU.Build.0 = Release|Any CPU
	EndGlobalSection
	GlobalSection(SolutionProperties) = preSolution
		HideSolutionNode = FALSE
	EndGlobalSection
EndGlobal
